Microsoft Visual Studio Solution File, Format Version 12.00
# Visual Studio Version 17
VisualStudioVersion = 17.8.0.0
MinimumVisualStudioVersion = 17.8.0.0
Project("{9A19103F-16F7-4668-BE54-9A1E7A4F7556}") = "Bitacora.AppHost", "Bitacora.AppHost\Bitacora.AppHost.csproj", "{A00E4DD1-1A84-4407-B21C-00253F2F7AF9}"
EndProject
Project("{9A19103F-16F7-4668-BE54-9A1E7A4F7556}") = "Bitacora.ServiceDefaults", "Bitacora.ServiceDefaults\Bitacora.ServiceDefaults.csproj", "{A825926D-A265-4E82-96D2-CF56E2CD5748}"
EndProject
Project("{9A19103F-16F7-4668-BE54-9A1E7A4F7556}") = "Bitacora.ApiService", "Bitacora.ApiService\Bitacora.ApiService.csproj", "{C41AB0F7-60C7-4936-9493-582D436AC51B}"
EndProject
Project("{9A19103F-16F7-4668-BE54-9A1E7A4F7556}") = "Bitacora.Web", "Bitacora.Web\Bitacora.Web.csproj", "{E545AA81-37A5-4B07-B421-F874992AF457}"
EndProject
Global
	GlobalSection(SolutionConfigurationPlatforms) = preSolution
		Debug|Any CPU = Debug|Any CPU
		Release|Any CPU = Release|Any CPU
	EndGlobalSection
	GlobalSection(ProjectConfigurationPlatforms) = postSolution
		{A00E4DD1-1A84-4407-B21C-00253F2F7AF9}.Debug|Any CPU.ActiveCfg = Debug|Any CPU
		{A00E4DD1-1A84-4407-B21C-00253F2F7AF9}.Debug|Any CPU.Build.0 = Debug|Any CPU
		{A00E4DD1-1A84-4407-B21C-00253F2F7AF9}.Release|Any CPU.ActiveCfg = Release|Any CPU
		{A00E4DD1-1A84-4407-B21C-00253F2F7AF9}.Release|Any CPU.Build.0 = Release|Any CPU
		{A825926D-A265-4E82-96D2-CF56E2CD5748}.Debug|Any CPU.ActiveCfg = Debug|Any CPU
		{A825926D-A265-4E82-96D2-CF56E2CD5748}.Debug|Any CPU.Build.0 = Debug|Any CPU
		{A825926D-A265-4E82-96D2-CF56E2CD5748}.Release|Any CPU.ActiveCfg = Release|Any CPU
		{A825926D-A265-4E82-96D2-CF56E2CD5748}.Release|Any CPU.Build.0 = Release|Any CPU
		{C41AB0F7-60C7-4936-9493-582D436AC51B}.Debug|Any CPU.ActiveCfg = Debug|Any CPU
		{C41AB0F7-60C7-4936-9493-582D436AC51B}.Debug|Any CPU.Build.0 = Debug|Any CPU
		{C41AB0F7-60C7-4936-9493-582D436AC51B}.Release|Any CPU.ActiveCfg = Release|Any CPU
		{C41AB0F7-60C7-4936-9493-582D436AC51B}.Release|Any CPU.Build.0 = Release|Any CPU
		{E545AA81-37A5-4B07-B421-F874992AF457}.Debug|Any CPU.ActiveCfg = Debug|Any CPU
		{E545AA81-37A5-4B07-B421-F874992AF457}.Debug|Any CPU.Build.0 = Debug|Any CPU
		{E545AA81-37A5-4B07-B421-F874992AF457}.Release|Any CPU.ActiveCfg = Release|Any CPU
		{E545AA81-37A5-4B07-B421-F874992AF457}.Release|Any CPU.Build.0 = Release|Any CPU
	EndGlobalSection
	GlobalSection(SolutionProperties) = preSolution
		HideSolutionNode = FALSE
	EndGlobalSection
	GlobalSection(ExtensibilityGlobals) = postSolution
		SolutionGuid = {C9EF6E22-8C2F-40A1-98FD-CA9133F5B56D}
	EndGlobalSection
EndGlobal
